
Microsoft Visual Studio Solution File, Format Version 12.00
# Visual Studio Version 16
VisualStudioVersion = 16.0.30611.23
MinimumVisualStudioVersion = 10.0.40219.1
Project("{2150E333-8FDC-42A3-9474-1A3956D46DE8}") = "Presentation", "Presentation", "{DCF0F526-3377-4E02-BCF2-E3118E357BF4}"
EndProject
Project("{9A19103F-16F7-4668-BE54-9A1E7A4F7556}") = "PresentationWebApp", "PresentationWebApp\PresentationWebApp.csproj", "{255ADDAF-9BB3-4F91-84B8-74E6B5E798C3}"
EndProject
Project("{2150E333-8FDC-42A3-9474-1A3956D46DE8}") = "Data", "Data", "{04F741C5-95CC-4C76-9390-8E1EB47EEAF7}"
EndProject
Project("{2150E333-8FDC-42A3-9474-1A3956D46DE8}") = "Application", "Application", "{263CC580-E5F4-4D10-82B2-D3205C9D0FDC}"
EndProject
Project("{2150E333-8FDC-42A3-9474-1A3956D46DE8}") = "Domain", "Domain", "{E345E019-F792-4F08-97CC-9E60DE12546E}"
EndProject
Project("{2150E333-8FDC-42A3-9474-1A3956D46DE8}") = "IOC", "IOC", "{7C7BBFDD-E1C6-4C74-9BD5-0261EE7233C9}"
EndProject
Project("{FAE04EC0-301F-11D3-BF4B-00C04F79EFBC}") = "ShoppingCart.Domain", "ShoppingCart.Domain\ShoppingCart.Domain.csproj", "{C098C8C9-0E15-41E6-859A-6586C0DB8F9D}"
EndProject
Project("{FAE04EC0-301F-11D3-BF4B-00C04F79EFBC}") = "ShoppingCart.Data", "ShoppingCart.Data\ShoppingCart.Data.csproj", "{3DB72AF8-F265-4A05-A59F-8E65466FA9D6}"
EndProject
Project("{FAE04EC0-301F-11D3-BF4B-00C04F79EFBC}") = "ShoppingCart.Application", "ShoppingCart.Application\ShoppingCart.Application.csproj", "{DD5216E8-82CA-4C6B-9458-613A1A82C3DC}"
EndProject
Project("{FAE04EC0-301F-11D3-BF4B-00C04F79EFBC}") = "ShoppingCart.IOC", "ShoppingCart.IOC\ShoppingCart.IOC.csproj", "{3702CB17-354E-4FAD-8520-1753E4246FE1}"
EndProject
Global
	GlobalSection(SolutionConfigurationPlatforms) = preSolution
		Debug|Any CPU = Debug|Any CPU
		Release|Any CPU = Release|Any CPU
	EndGlobalSection
	GlobalSection(ProjectConfigurationPlatforms) = postSolution
		{255ADDAF-9BB3-4F91-84B8-74E6B5E798C3}.Debug|Any CPU.ActiveCfg = Debug|Any CPU
		{255ADDAF-9BB3-4F91-84B8-74E6B5E798C3}.Debug|Any CPU.Build.0 = Debug|Any CPU
		{255ADDAF-9BB3-4F91-84B8-74E6B5E798C3}.Release|Any CPU.ActiveCfg = Release|Any CPU
		{255ADDAF-9BB3-4F91-84B8-74E6B5E798C3}.Release|Any CPU.Build.0 = Release|Any CPU
		{C098C8C9-0E15-41E6-859A-6586C0DB8F9D}.Debug|Any CPU.ActiveCfg = Debug|Any CPU
		{C098C8C9-0E15-41E6-859A-6586C0DB8F9D}.Debug|Any CPU.Build.0 = Debug|Any CPU
		{C098C8C9-0E15-41E6-859A-6586C0DB8F9D}.Release|Any CPU.ActiveCfg = Release|Any CPU
		{C098C8C9-0E15-41E6-859A-6586C0DB8F9D}.Release|Any CPU.Build.0 = Release|Any CPU
		{3DB72AF8-F265-4A05-A59F-8E65466FA9D6}.Debug|Any CPU.ActiveCfg = Debug|Any CPU
		{3DB72AF8-F265-4A05-A59F-8E65466FA9D6}.Debug|Any CPU.Build.0 = Debug|Any CPU
		{3DB72AF8-F265-4A05-A59F-8E65466FA9D6}.Release|Any CPU.ActiveCfg = Release|Any CPU
		{3DB72AF8-F265-4A05-A59F-8E65466FA9D6}.Release|Any CPU.Build.0 = Release|Any CPU
		{DD5216E8-82CA-4C6B-9458-613A1A82C3DC}.Debug|Any CPU.ActiveCfg = Debug|Any CPU
		{DD5216E8-82CA-4C6B-9458-613A1A82C3DC}.Debug|Any CPU.Build.0 = Debug|Any CPU
		{DD5216E8-82CA-4C6B-9458-613A1A82C3DC}.Release|Any CPU.ActiveCfg = Release|Any CPU
		{DD5216E8-82CA-4C6B-9458-613A1A82C3DC}.Release|Any CPU.Build.0 = Release|Any CPU
		{3702CB17-354E-4FAD-8520-1753E4246FE1}.Debug|Any CPU.ActiveCfg = Debug|Any CPU
		{3702CB17-354E-4FAD-8520-1753E4246FE1}.Debug|Any CPU.Build.0 = Debug|Any CPU
		{3702CB17-354E-4FAD-8520-1753E4246FE1}.Release|Any CPU.ActiveCfg = Release|Any CPU
		{3702CB17-354E-4FAD-8520-1753E4246FE1}.Release|Any CPU.Build.0 = Release|Any CPU
	EndGlobalSection
	GlobalSection(SolutionProperties) = preSolution
		HideSolutionNode = FALSE
	EndGlobalSection
	GlobalSection(NestedProjects) = preSolution
		{255ADDAF-9BB3-4F91-84B8-74E6B5E798C3} = {DCF0F526-3377-4E02-BCF2-E3118E357BF4}
		{C098C8C9-0E15-41E6-859A-6586C0DB8F9D} = {E345E019-F792-4F08-97CC-9E60DE12546E}
		{3DB72AF8-F265-4A05-A59F-8E65466FA9D6} = {04F741C5-95CC-4C76-9390-8E1EB47EEAF7}
		{DD5216E8-82CA-4C6B-9458-613A1A82C3DC} = {263CC580-E5F4-4D10-82B2-D3205C9D0FDC}
		{3702CB17-354E-4FAD-8520-1753E4246FE1} = {7C7BBFDD-E1C6-4C74-9BD5-0261EE7233C9}
	EndGlobalSection
	GlobalSection(ExtensibilityGlobals) = postSolution
		SolutionGuid = {5FC3F711-2828-42A9-895C-1E7E2EE270A9}
	EndGlobalSection
EndGlobal
